// !$*UTF8*$!
{
	archiveVersion = 1;
	classes = {
	};
	objectVersion = 50;
	objects = {

/* Begin PBXBuildFile section */
		1F1FA31623B93A9D00E54C4E /* Location.swift in Sources */ = {isa = PBXBuildFile; fileRef = 1F1FA31523B93A9D00E54C4E /* Location.swift */; };
		1F1FA31823B93B5500E54C4E /* Forecast.swift in Sources */ = {isa = PBXBuildFile; fileRef = 1F1FA31723B93B5500E54C4E /* Forecast.swift */; };
		1F1FA31A23B93D1900E54C4E /* DailyForecast.swift in Sources */ = {isa = PBXBuildFile; fileRef = 1F1FA31923B93D1900E54C4E /* DailyForecast.swift */; };
		1F1FA31C23B93DD300E54C4E /* LocationForecast.swift in Sources */ = {isa = PBXBuildFile; fileRef = 1F1FA31B23B93DD300E54C4E /* LocationForecast.swift */; };
		1F2CE15723C9ED9700332847 /* AddLocationTableViewCell.swift in Sources */ = {isa = PBXBuildFile; fileRef = 1F2CE15623C9ED9700332847 /* AddLocationTableViewCell.swift */; };
		1F2CE15A23CA8AA000332847 /* ZoomInSegue.swift in Sources */ = {isa = PBXBuildFile; fileRef = 1F2CE15923CA8AA000332847 /* ZoomInSegue.swift */; };
		1F32D61323BDD58000D57582 /* FavoritesTableViewController.swift in Sources */ = {isa = PBXBuildFile; fileRef = 1F32D61223BDD58000D57582 /* FavoritesTableViewController.swift */; };
		1F32D61523BDE7E100D57582 /* LocationTableViewCell.swift in Sources */ = {isa = PBXBuildFile; fileRef = 1F32D61423BDE7E100D57582 /* LocationTableViewCell.swift */; };
		1F478DFD23BA59D40064CC9A /* DailyForecastViewCell.swift in Sources */ = {isa = PBXBuildFile; fileRef = 1F478DFC23BA59D40064CC9A /* DailyForecastViewCell.swift */; };
		1F478DFF23BA5A450064CC9A /* WeatherViewCell.swift in Sources */ = {isa = PBXBuildFile; fileRef = 1F478DFE23BA5A450064CC9A /* WeatherViewCell.swift */; };
		1F478E0123BA8F150064CC9A /* Country.swift in Sources */ = {isa = PBXBuildFile; fileRef = 1F478E0023BA8F150064CC9A /* Country.swift */; };
		1F478E0323BA8F5F0064CC9A /* City.swift in Sources */ = {isa = PBXBuildFile; fileRef = 1F478E0223BA8F5F0064CC9A /* City.swift */; };
		1FDD65C923AEB7C800C49E8E /* AppDelegate.swift in Sources */ = {isa = PBXBuildFile; fileRef = 1FDD65C823AEB7C800C49E8E /* AppDelegate.swift */; };
		1FDD65CB23AEB7C800C49E8E /* SceneDelegate.swift in Sources */ = {isa = PBXBuildFile; fileRef = 1FDD65CA23AEB7C800C49E8E /* SceneDelegate.swift */; };
		1FDD65CD23AEB7C800C49E8E /* ViewController.swift in Sources */ = {isa = PBXBuildFile; fileRef = 1FDD65CC23AEB7C800C49E8E /* ViewController.swift */; };
		1FDD65D023AEB7C800C49E8E /* Main.storyboard in Resources */ = {isa = PBXBuildFile; fileRef = 1FDD65CE23AEB7C800C49E8E /* Main.storyboard */; };
		1FDD65D223AEB7C900C49E8E /* Assets.xcassets in Resources */ = {isa = PBXBuildFile; fileRef = 1FDD65D123AEB7C900C49E8E /* Assets.xcassets */; };
		1FDD65D523AEB7C900C49E8E /* LaunchScreen.storyboard in Resources */ = {isa = PBXBuildFile; fileRef = 1FDD65D323AEB7C900C49E8E /* LaunchScreen.storyboard */; };
/* End PBXBuildFile section */

/* Begin PBXFileReference section */
		1F1FA31523B93A9D00E54C4E /* Location.swift */ = {isa = PBXFileReference; lastKnownFileType = sourcecode.swift; path = Location.swift; sourceTree = "<group>"; };
		1F1FA31723B93B5500E54C4E /* Forecast.swift */ = {isa = PBXFileReference; lastKnownFileType = sourcecode.swift; path = Forecast.swift; sourceTree = "<group>"; };
		1F1FA31923B93D1900E54C4E /* DailyForecast.swift */ = {isa = PBXFileReference; lastKnownFileType = sourcecode.swift; path = DailyForecast.swift; sourceTree = "<group>"; };
		1F1FA31B23B93DD300E54C4E /* LocationForecast.swift */ = {isa = PBXFileReference; lastKnownFileType = sourcecode.swift; path = LocationForecast.swift; sourceTree = "<group>"; };
		1F2CE15623C9ED9700332847 /* AddLocationTableViewCell.swift */ = {isa = PBXFileReference; lastKnownFileType = sourcecode.swift; path = AddLocationTableViewCell.swift; sourceTree = "<group>"; };
		1F2CE15923CA8AA000332847 /* ZoomInSegue.swift */ = {isa = PBXFileReference; lastKnownFileType = sourcecode.swift; path = ZoomInSegue.swift; sourceTree = "<group>"; };
		1F32D61223BDD58000D57582 /* FavoritesTableViewController.swift */ = {isa = PBXFileReference; lastKnownFileType = sourcecode.swift; path = FavoritesTableViewController.swift; sourceTree = "<group>"; };
		1F32D61423BDE7E100D57582 /* LocationTableViewCell.swift */ = {isa = PBXFileReference; lastKnownFileType = sourcecode.swift; path = LocationTableViewCell.swift; sourceTree = "<group>"; };
		1F478DFC23BA59D40064CC9A /* DailyForecastViewCell.swift */ = {isa = PBXFileReference; lastKnownFileType = sourcecode.swift; path = DailyForecastViewCell.swift; sourceTree = "<group>"; };
		1F478DFE23BA5A450064CC9A /* WeatherViewCell.swift */ = {isa = PBXFileReference; lastKnownFileType = sourcecode.swift; path = WeatherViewCell.swift; sourceTree = "<group>"; };
		1F478E0023BA8F150064CC9A /* Country.swift */ = {isa = PBXFileReference; lastKnownFileType = sourcecode.swift; path = Country.swift; sourceTree = "<group>"; };
		1F478E0223BA8F5F0064CC9A /* City.swift */ = {isa = PBXFileReference; lastKnownFileType = sourcecode.swift; path = City.swift; sourceTree = "<group>"; };
		1FDD65C523AEB7C800C49E8E /* WeatherAppWithStoryboard.app */ = {isa = PBXFileReference; explicitFileType = wrapper.application; includeInIndex = 0; path = WeatherAppWithStoryboard.app; sourceTree = BUILT_PRODUCTS_DIR; };
		1FDD65C823AEB7C800C49E8E /* AppDelegate.swift */ = {isa = PBXFileReference; lastKnownFileType = sourcecode.swift; path = AppDelegate.swift; sourceTree = "<group>"; };
		1FDD65CA23AEB7C800C49E8E /* SceneDelegate.swift */ = {isa = PBXFileReference; lastKnownFileType = sourcecode.swift; path = SceneDelegate.swift; sourceTree = "<group>"; };
		1FDD65CC23AEB7C800C49E8E /* ViewController.swift */ = {isa = PBXFileReference; lastKnownFileType = sourcecode.swift; path = ViewController.swift; sourceTree = "<group>"; };
		1FDD65CF23AEB7C800C49E8E /* Base */ = {isa = PBXFileReference; lastKnownFileType = file.storyboard; name = Base; path = Base.lproj/Main.storyboard; sourceTree = "<group>"; };
		1FDD65D123AEB7C900C49E8E /* Assets.xcassets */ = {isa = PBXFileReference; lastKnownFileType = folder.assetcatalog; path = Assets.xcassets; sourceTree = "<group>"; };
		1FDD65D423AEB7C900C49E8E /* Base */ = {isa = PBXFileReference; lastKnownFileType = file.storyboard; name = Base; path = Base.lproj/LaunchScreen.storyboard; sourceTree = "<group>"; };
		1FDD65D623AEB7C900C49E8E /* Info.plist */ = {isa = PBXFileReference; lastKnownFileType = text.plist.xml; path = Info.plist; sourceTree = "<group>"; };
/* End PBXFileReference section */

/* Begin PBXFrameworksBuildPhase section */
		1FDD65C223AEB7C800C49E8E /* Frameworks */ = {
			isa = PBXFrameworksBuildPhase;
			buildActionMask = 2147483647;
			files = (
			);
			runOnlyForDeploymentPostprocessing = 0;
		};
/* End PBXFrameworksBuildPhase section */

/* Begin PBXGroup section */
		1F1FA31423B93A6000E54C4E /* Models */ = {
			isa = PBXGroup;
			children = (
				1F1FA31523B93A9D00E54C4E /* Location.swift */,
				1F1FA31723B93B5500E54C4E /* Forecast.swift */,
				1F1FA31923B93D1900E54C4E /* DailyForecast.swift */,
				1F1FA31B23B93DD300E54C4E /* LocationForecast.swift */,
				1F478E0023BA8F150064CC9A /* Country.swift */,
				1F478E0223BA8F5F0064CC9A /* City.swift */,
			);
			path = Models;
			sourceTree = "<group>";
		};
		1F2CE15823CA89E800332847 /* Extensions */ = {
			isa = PBXGroup;
			children = (
				1F2CE15923CA8AA000332847 /* ZoomInSegue.swift */,
			);
			path = Extensions;
			sourceTree = "<group>";
		};
		1F478DFA23BA58560064CC9A /* Controllers */ = {
			isa = PBXGroup;
			children = (
				1F32D61223BDD58000D57582 /* FavoritesTableViewController.swift */,
			);
			path = Controllers;
			sourceTree = "<group>";
		};
		1F478DFB23BA59690064CC9A /* Cells */ = {
			isa = PBXGroup;
			children = (
				1F478DFC23BA59D40064CC9A /* DailyForecastViewCell.swift */,
				1F478DFE23BA5A450064CC9A /* WeatherViewCell.swift */,
				1F32D61423BDE7E100D57582 /* LocationTableViewCell.swift */,
				1F2CE15623C9ED9700332847 /* AddLocationTableViewCell.swift */,
			);
			path = Cells;
			sourceTree = "<group>";
		};
		1FDD65BC23AEB7C800C49E8E = {
			isa = PBXGroup;
			children = (
				1FDD65C723AEB7C800C49E8E /* WeatherAppWithStoryboard */,
				1FDD65C623AEB7C800C49E8E /* Products */,
			);
			sourceTree = "<group>";
		};
		1FDD65C623AEB7C800C49E8E /* Products */ = {
			isa = PBXGroup;
			children = (
				1FDD65C523AEB7C800C49E8E /* WeatherAppWithStoryboard.app */,
			);
			name = Products;
			sourceTree = "<group>";
		};
		1FDD65C723AEB7C800C49E8E /* WeatherAppWithStoryboard */ = {
			isa = PBXGroup;
			children = (
				1F2CE15823CA89E800332847 /* Extensions */,
				1F478DFB23BA59690064CC9A /* Cells */,
				1F478DFA23BA58560064CC9A /* Controllers */,
				1F1FA31423B93A6000E54C4E /* Models */,
				1FDD65C823AEB7C800C49E8E /* AppDelegate.swift */,
				1FDD65CA23AEB7C800C49E8E /* SceneDelegate.swift */,
				1FDD65CC23AEB7C800C49E8E /* ViewController.swift */,
				1FDD65CE23AEB7C800C49E8E /* Main.storyboard */,
				1FDD65D123AEB7C900C49E8E /* Assets.xcassets */,
				1FDD65D323AEB7C900C49E8E /* LaunchScreen.storyboard */,
				1FDD65D623AEB7C900C49E8E /* Info.plist */,
			);
			path = WeatherAppWithStoryboard;
			sourceTree = "<group>";
		};
/* End PBXGroup section */

/* Begin PBXNativeTarget section */
		1FDD65C423AEB7C800C49E8E /* WeatherAppWithStoryboard */ = {
			isa = PBXNativeTarget;
			buildConfigurationList = 1FDD65D923AEB7C900C49E8E /* Build configuration list for PBXNativeTarget "WeatherAppWithStoryboard" */;
			buildPhases = (
				1FDD65C123AEB7C800C49E8E /* Sources */,
				1FDD65C223AEB7C800C49E8E /* Frameworks */,
				1FDD65C323AEB7C800C49E8E /* Resources */,
			);
			buildRules = (
			);
			dependencies = (
			);
			name = WeatherAppWithStoryboard;
			productName = WeatherAppWithStoryboard;
			productReference = 1FDD65C523AEB7C800C49E8E /* WeatherAppWithStoryboard.app */;
			productType = "com.apple.product-type.application";
		};
/* End PBXNativeTarget section */

/* Begin PBXProject section */
		1FDD65BD23AEB7C800C49E8E /* Project object */ = {
			isa = PBXProject;
			attributes = {
				LastSwiftUpdateCheck = 1130;
				LastUpgradeCheck = 1130;
				ORGANIZATIONNAME = "Krzysztof Maraszkiewicz";
				TargetAttributes = {
					1FDD65C423AEB7C800C49E8E = {
						CreatedOnToolsVersion = 11.3;
					};
				};
			};
			buildConfigurationList = 1FDD65C023AEB7C800C49E8E /* Build configuration list for PBXProject "WeatherAppWithStoryboard" */;
			compatibilityVersion = "Xcode 9.3";
			developmentRegion = en;
			hasScannedForEncodings = 0;
			knownRegions = (
				en,
				Base,
			);
			mainGroup = 1FDD65BC23AEB7C800C49E8E;
			productRefGroup = 1FDD65C623AEB7C800C49E8E /* Products */;
			projectDirPath = "";
			projectRoot = "";
			targets = (
				1FDD65C423AEB7C800C49E8E /* WeatherAppWithStoryboard */,
			);
		};
/* End PBXProject section */

/* Begin PBXResourcesBuildPhase section */
		1FDD65C323AEB7C800C49E8E /* Resources */ = {
			isa = PBXResourcesBuildPhase;
			buildActionMask = 2147483647;
			files = (
				1FDD65D523AEB7C900C49E8E /* LaunchScreen.storyboard in Resources */,
				1FDD65D223AEB7C900C49E8E /* Assets.xcassets in Resources */,
				1FDD65D023AEB7C800C49E8E /* Main.storyboard in Resources */,
			);
			runOnlyForDeploymentPostprocessing = 0;
		};
/* End PBXResourcesBuildPhase section */

/* Begin PBXSourcesBuildPhase section */
		1FDD65C123AEB7C800C49E8E /* Sources */ = {
			isa = PBXSourcesBuildPhase;
			buildActionMask = 2147483647;
			files = (
				1FDD65CD23AEB7C800C49E8E /* ViewController.swift in Sources */,
				1FDD65C923AEB7C800C49E8E /* AppDelegate.swift in Sources */,
				1F1FA31A23B93D1900E54C4E /* DailyForecast.swift in Sources */,
				1F32D61323BDD58000D57582 /* FavoritesTableViewController.swift in Sources */,
				1F478DFF23BA5A450064CC9A /* WeatherViewCell.swift in Sources */,
				1F32D61523BDE7E100D57582 /* LocationTableViewCell.swift in Sources */,
				1F478DFD23BA59D40064CC9A /* DailyForecastViewCell.swift in Sources */,
				1F1FA31C23B93DD300E54C4E /* LocationForecast.swift in Sources */,
				1F2CE15723C9ED9700332847 /* AddLocationTableViewCell.swift in Sources */,
				1F1FA31623B93A9D00E54C4E /* Location.swift in Sources */,
				1F478E0323BA8F5F0064CC9A /* City.swift in Sources */,
				1FDD65CB23AEB7C800C49E8E /* SceneDelegate.swift in Sources */,
				1F2CE15A23CA8AA000332847 /* ZoomInSegue.swift in Sources */,
				1F478E0123BA8F150064CC9A /* Country.swift in Sources */,
				1F1FA31823B93B5500E54C4E /* Forecast.swift in Sources */,
			);
			runOnlyForDeploymentPostprocessing = 0;
		};
/* End PBXSourcesBuildPhase section */

/* Begin PBXVariantGroup section */
		1FDD65CE23AEB7C800C49E8E /* Main.storyboard */ = {
			isa = PBXVariantGroup;
			children = (
				1FDD65CF23AEB7C800C49E8E /* Base */,
			);
			name = Main.storyboard;
			sourceTree = "<group>";
		};
		1FDD65D323AEB7C900C49E8E /* LaunchScreen.storyboard */ = {
			isa = PBXVariantGroup;
			children = (
				1FDD65D423AEB7C900C49E8E /* Base */,
			);
			name = LaunchScreen.storyboard;
			sourceTree = "<group>";
		};
/* End PBXVariantGroup section */

/* Begin XCBuildConfiguration section */
		1FDD65D723AEB7C900C49E8E /* Debug */ = {
			isa = XCBuildConfiguration;
			buildSettings = {
				ALWAYS_SEARCH_USER_PATHS = NO;
				CLANG_ANALYZER_NONNULL = YES;
				CLANG_ANALYZER_NUMBER_OBJECT_CONVERSION = YES_AGGRESSIVE;
				CLANG_CXX_LANGUAGE_STANDARD = "gnu++14";
				CLANG_CXX_LIBRARY = "libc++";
				CLANG_ENABLE_MODULES = YES;
				CLANG_ENABLE_OBJC_ARC = YES;
				CLANG_ENABLE_OBJC_WEAK = YES;
				CLANG_WARN_BLOCK_CAPTURE_AUTORELEASING = YES;
				CLANG_WARN_BOOL_CONVERSION = YES;
				CLANG_WARN_COMMA = YES;
				CLANG_WARN_CONSTANT_CONVERSION = YES;
				CLANG_WARN_DEPRECATED_OBJC_IMPLEMENTATIONS = YES;
				CLANG_WARN_DIRECT_OBJC_ISA_USAGE = YES_ERROR;
				CLANG_WARN_DOCUMENTATION_COMMENTS = YES;
				CLANG_WARN_EMPTY_BODY = YES;
				CLANG_WARN_ENUM_CONVERSION = YES;
				CLANG_WARN_INFINITE_RECURSION = YES;
				CLANG_WARN_INT_CONVERSION = YES;
				CLANG_WARN_NON_LITERAL_NULL_CONVERSION = YES;
				CLANG_WARN_OBJC_IMPLICIT_RETAIN_SELF = YES;
				CLANG_WARN_OBJC_LITERAL_CONVERSION = YES;
				CLANG_WARN_OBJC_ROOT_CLASS = YES_ERROR;
				CLANG_WARN_RANGE_LOOP_ANALYSIS = YES;
				CLANG_WARN_STRICT_PROTOTYPES = YES;
				CLANG_WARN_SUSPICIOUS_MOVE = YES;
				CLANG_WARN_UNGUARDED_AVAILABILITY = YES_AGGRESSIVE;
				CLANG_WARN_UNREACHABLE_CODE = YES;
				CLANG_WARN__DUPLICATE_METHOD_MATCH = YES;
				COPY_PHASE_STRIP = NO;
				DEBUG_INFORMATION_FORMAT = dwarf;
				ENABLE_STRICT_OBJC_MSGSEND = YES;
				ENABLE_TESTABILITY = YES;
				GCC_C_LANGUAGE_STANDARD = gnu11;
				GCC_DYNAMIC_NO_PIC = NO;
				GCC_NO_COMMON_BLOCKS = YES;
				GCC_OPTIMIZATION_LEVEL = 0;
				GCC_PREPROCESSOR_DEFINITIONS = (
					"DEBUG=1",
					"$(inherited)",
				);
				GCC_WARN_64_TO_32_BIT_CONVERSION = YES;
				GCC_WARN_ABOUT_RETURN_TYPE = YES_ERROR;
				GCC_WARN_UNDECLARED_SELECTOR = YES;
				GCC_WARN_UNINITIALIZED_AUTOS = YES_AGGRESSIVE;
				GCC_WARN_UNUSED_FUNCTION = YES;
				GCC_WARN_UNUSED_VARIABLE = YES;
				IPHONEOS_DEPLOYMENT_TARGET = 13.2;
				MTL_ENABLE_DEBUG_INFO = INCLUDE_SOURCE;
				MTL_FAST_MATH = YES;
				ONLY_ACTIVE_ARCH = YES;
				SDKROOT = iphoneos;
				SWIFT_ACTIVE_COMPILATION_CONDITIONS = DEBUG;
				SWIFT_OPTIMIZATION_LEVEL = "-Onone";
			};
			name = Debug;
		};
		1FDD65D823AEB7C900C49E8E /* Release */ = {
			isa = XCBuildConfiguration;
			buildSettings = {
				ALWAYS_SEARCH_USER_PATHS = NO;
				CLANG_ANALYZER_NONNULL = YES;
				CLANG_ANALYZER_NUMBER_OBJECT_CONVERSION = YES_AGGRESSIVE;
				CLANG_CXX_LANGUAGE_STANDARD = "gnu++14";
				CLANG_CXX_LIBRARY = "libc++";
				CLANG_ENABLE_MODULES = YES;
				CLANG_ENABLE_OBJC_ARC = YES;
				CLANG_ENABLE_OBJC_WEAK = YES;
				CLANG_WARN_BLOCK_CAPTURE_AUTORELEASING = YES;
				CLANG_WARN_BOOL_CONVERSION = YES;
				CLANG_WARN_COMMA = YES;
				CLANG_WARN_CONSTANT_CONVERSION = YES;
				CLANG_WARN_DEPRECATED_OBJC_IMPLEMENTATIONS = YES;
				CLANG_WARN_DIRECT_OBJC_ISA_USAGE = YES_ERROR;
				CLANG_WARN_DOCUMENTATION_COMMENTS = YES;
				CLANG_WARN_EMPTY_BODY = YES;
				CLANG_WARN_ENUM_CONVERSION = YES;
				CLANG_WARN_INFINITE_RECURSION = YES;
				CLANG_WARN_INT_CONVERSION = YES;
				CLANG_WARN_NON_LITERAL_NULL_CONVERSION = YES;
				CLANG_WARN_OBJC_IMPLICIT_RETAIN_SELF = YES;
				CLANG_WARN_OBJC_LITERAL_CONVERSION = YES;
				CLANG_WARN_OBJC_ROOT_CLASS = YES_ERROR;
				CLANG_WARN_RANGE_LOOP_ANALYSIS = YES;
				CLANG_WARN_STRICT_PROTOTYPES = YES;
				CLANG_WARN_SUSPICIOUS_MOVE = YES;
				CLANG_WARN_UNGUARDED_AVAILABILITY = YES_AGGRESSIVE;
				CLANG_WARN_UNREACHABLE_CODE = YES;
				CLANG_WARN__DUPLICATE_METHOD_MATCH = YES;
				COPY_PHASE_STRIP = NO;
				DEBUG_INFORMATION_FORMAT = "dwarf-with-dsym";
				ENABLE_NS_ASSERTIONS = NO;
				ENABLE_STRICT_OBJC_MSGSEND = YES;
				GCC_C_LANGUAGE_STANDARD = gnu11;
				GCC_NO_COMMON_BLOCKS = YES;
				GCC_WARN_64_TO_32_BIT_CONVERSION = YES;
				GCC_WARN_ABOUT_RETURN_TYPE = YES_ERROR;
				GCC_WARN_UNDECLARED_SELECTOR = YES;
				GCC_WARN_UNINITIALIZED_AUTOS = YES_AGGRESSIVE;
				GCC_WARN_UNUSED_FUNCTION = YES;
				GCC_WARN_UNUSED_VARIABLE = YES;
				IPHONEOS_DEPLOYMENT_TARGET = 13.2;
				MTL_ENABLE_DEBUG_INFO = NO;
				MTL_FAST_MATH = YES;
				SDKROOT = iphoneos;
				SWIFT_COMPILATION_MODE = wholemodule;
				SWIFT_OPTIMIZATION_LEVEL = "-O";
				VALIDATE_PRODUCT = YES;
			};
			name = Release;
		};
		1FDD65DA23AEB7C900C49E8E /* Debug */ = {
			isa = XCBuildConfiguration;
			buildSettings = {
				ASSETCATALOG_COMPILER_APPICON_NAME = AppIcon;
				CODE_SIGN_STYLE = Automatic;
				DEVELOPMENT_TEAM = U88DLR87FV;
				INFOPLIST_FILE = WeatherAppWithStoryboard/Info.plist;
				LD_RUNPATH_SEARCH_PATHS = (
					"$(inherited)",
					"@executable_path/Frameworks",
				);
				PRODUCT_BUNDLE_IDENTIFIER = com.krzysztofmraszkiewicz.WeatherAppWithStoryboard;
				PRODUCT_NAME = "$(TARGET_NAME)";
				SWIFT_VERSION = 5.0;
				TARGETED_DEVICE_FAMILY = "1,2";
			};
			name = Debug;
		};
		1FDD65DB23AEB7C900C49E8E /* Release */ = {
			isa = XCBuildConfiguration;
			buildSettings = {
				ASSETCATALOG_COMPILER_APPICON_NAME = AppIcon;
				CODE_SIGN_STYLE = Automatic;
				DEVELOPMENT_TEAM = U88DLR87FV;
				INFOPLIST_FILE = WeatherAppWithStoryboard/Info.plist;
				LD_RUNPATH_SEARCH_PATHS = (
					"$(inherited)",
					"@executable_path/Frameworks",
				);
				PRODUCT_BUNDLE_IDENTIFIER = com.krzysztofmraszkiewicz.WeatherAppWithStoryboard;
				PRODUCT_NAME = "$(TARGET_NAME)";
				SWIFT_VERSION = 5.0;
				TARGETED_DEVICE_FAMILY = "1,2";
			};
			name = Release;
		};
/* End XCBuildConfiguration section */

/* Begin XCConfigurationList section */
		1FDD65C023AEB7C800C49E8E /* Build configuration list for PBXProject "WeatherAppWithStoryboard" */ = {
			isa = XCConfigurationList;
			buildConfigurations = (
				1FDD65D723AEB7C900C49E8E /* Debug */,
				1FDD65D823AEB7C900C49E8E /* Release */,
			);
			defaultConfigurationIsVisible = 0;
			defaultConfigurationName = Release;
		};
		1FDD65D923AEB7C900C49E8E /* Build configuration list for PBXNativeTarget "WeatherAppWithStoryboard" */ = {
			isa = XCConfigurationList;
			buildConfigurations = (
				1FDD65DA23AEB7C900C49E8E /* Debug */,
				1FDD65DB23AEB7C900C49E8E /* Release */,
			);
			defaultConfigurationIsVisible = 0;
			defaultConfigurationName = Release;
		};
/* End XCConfigurationList section */
	};
	rootObject = 1FDD65BD23AEB7C800C49E8E /* Project object */;
}
