
Microsoft Visual Studio Solution File, Format Version 12.00
# Visual Studio 15
Project("{FAE04EC0-301F-11D3-BF4B-00C04F79EFBC}") = "RealTimeCharts_Server", "RealTimeCharts_Server\RealTimeCharts_Server.csproj", "{2139E602-5597-4CF1-A52A-7D8BB2B558EB}"
EndProject
Global
	GlobalSection(SolutionConfigurationPlatforms) = preSolution
		Debug|Any CPU = Debug|Any CPU
		Release|Any CPU = Release|Any CPU
	EndGlobalSection
	GlobalSection(ProjectConfigurationPlatforms) = postSolution
		{2139E602-5597-4CF1-A52A-7D8BB2B558EB}.Debug|Any CPU.ActiveCfg = Debug|Any CPU
		{2139E602-5597-4CF1-A52A-7D8BB2B558EB}.Debug|Any CPU.Build.0 = Debug|Any CPU
		{2139E602-5597-4CF1-A52A-7D8BB2B558EB}.Release|Any CPU.ActiveCfg = Release|Any CPU
		{2139E602-5597-4CF1-A52A-7D8BB2B558EB}.Release|Any CPU.Build.0 = Release|Any CPU
	EndGlobalSection
EndGlobal
