
Microsoft Visual Studio Solution File, Format Version 12.00
# Visual Studio Version 16
VisualStudioVersion = 16.0.30011.22
MinimumVisualStudioVersion = 10.0.40219.1
Project("{FAE04EC0-301F-11D3-BF4B-00C04F79EFBC}") = "TabControll", "TabControll\TabControll.csproj", "{C46EDBB0-CC58-40CA-A507-D6C48449F301}"
EndProject
Global
	GlobalSection(SolutionConfigurationPlatforms) = preSolution
		Debug|Any CPU = Debug|Any CPU
		Release|Any CPU = Release|Any CPU
	EndGlobalSection
	GlobalSection(ProjectConfigurationPlatforms) = postSolution
		{C46EDBB0-CC58-40CA-A507-D6C48449F301}.Debug|Any CPU.ActiveCfg = Debug|Any CPU
		{C46EDBB0-CC58-40CA-A507-D6C48449F301}.Debug|Any CPU.Build.0 = Debug|Any CPU
		{C46EDBB0-CC58-40CA-A507-D6C48449F301}.Release|Any CPU.ActiveCfg = Release|Any CPU
		{C46EDBB0-CC58-40CA-A507-D6C48449F301}.Release|Any CPU.Build.0 = Release|Any CPU
	EndGlobalSection
	GlobalSection(SolutionProperties) = preSolution
		HideSolutionNode = FALSE
	EndGlobalSection
	GlobalSection(ExtensibilityGlobals) = postSolution
		SolutionGuid = {BCEA3C2B-736C-4838-9310-1F894FE8A7DE}
	EndGlobalSection
EndGlobal
