// !$*UTF8*$!
{
	archiveVersion = 1;
	classes = {
	};
	objectVersion = 50;
	objects = {

/* Begin PBXBuildFile section */
		680ACB1E24C634D0008AF399 /* AppDelegate.swift in Sources */ = {isa = PBXBuildFile; fileRef = 680ACB1D24C634D0008AF399 /* AppDelegate.swift */; };
		680ACB2024C634D0008AF399 /* SceneDelegate.swift in Sources */ = {isa = PBXBuildFile; fileRef = 680ACB1F24C634D0008AF399 /* SceneDelegate.swift */; };
		680ACB2724C634D2008AF399 /* Assets.xcassets in Resources */ = {isa = PBXBuildFile; fileRef = 680ACB2624C634D2008AF399 /* Assets.xcassets */; };
		680ACB2A24C634D2008AF399 /* LaunchScreen.storyboard in Resources */ = {isa = PBXBuildFile; fileRef = 680ACB2824C634D2008AF399 /* LaunchScreen.storyboard */; };
		68133C4224C8F0EA0095CA6D /* UIColorExtension.swift in Sources */ = {isa = PBXBuildFile; fileRef = 68133C4124C8F0EA0095CA6D /* UIColorExtension.swift */; };
		68133C4524C8F5E80095CA6D /* MenuBar.swift in Sources */ = {isa = PBXBuildFile; fileRef = 68133C4424C8F5E80095CA6D /* MenuBar.swift */; };
		681BA5EF24CA197A00E81F95 /* MenuCollectionViewCell.swift in Sources */ = {isa = PBXBuildFile; fileRef = 681BA5EE24CA197A00E81F95 /* MenuCollectionViewCell.swift */; };
		681BA5F224CA199300E81F95 /* BaseCollectionViewCell.swift in Sources */ = {isa = PBXBuildFile; fileRef = 681BA5F124CA199300E81F95 /* BaseCollectionViewCell.swift */; };
		6826AA2924C78D31006B4E33 /* UIViewExtension.swift in Sources */ = {isa = PBXBuildFile; fileRef = 6826AA2824C78D31006B4E33 /* UIViewExtension.swift */; };
		6851B8AF24C63E82009984E4 /* HomeController.swift in Sources */ = {isa = PBXBuildFile; fileRef = 6851B8AE24C63E82009984E4 /* HomeController.swift */; };
		6851B8B124C64640009984E4 /* VideoCell.swift in Sources */ = {isa = PBXBuildFile; fileRef = 6851B8B024C64640009984E4 /* VideoCell.swift */; };
		685D95BA24CC6E3F001364E3 /* UIBarButtonItemExtension.swift in Sources */ = {isa = PBXBuildFile; fileRef = 685D95B924CC6E3F001364E3 /* UIBarButtonItemExtension.swift */; };
		685D95BD24CC72E1001364E3 /* Video.swift in Sources */ = {isa = PBXBuildFile; fileRef = 685D95BC24CC72E1001364E3 /* Video.swift */; };
		685D95BF24CC8382001364E3 /* Channel.swift in Sources */ = {isa = PBXBuildFile; fileRef = 685D95BE24CC8382001364E3 /* Channel.swift */; };
		685D95C224CCA467001364E3 /* LayoutHelper.swift in Sources */ = {isa = PBXBuildFile; fileRef = 685D95C124CCA467001364E3 /* LayoutHelper.swift */; };
		68E43F9B24D8A33F00332A99 /* SettingsLauncher.swift in Sources */ = {isa = PBXBuildFile; fileRef = 68E43F9A24D8A33F00332A99 /* SettingsLauncher.swift */; };
		68EB646824CF666700533FF1 /* UIImageViewExtension.swift in Sources */ = {isa = PBXBuildFile; fileRef = 68EB646724CF666700533FF1 /* UIImageViewExtension.swift */; };
		68F03B5724D0E8C40069C8A6 /* SettingCollectionViewCell.swift in Sources */ = {isa = PBXBuildFile; fileRef = 68F03B5624D0E8C40069C8A6 /* SettingCollectionViewCell.swift */; };
/* End PBXBuildFile section */

/* Begin PBXFileReference section */
		680ACB1A24C634D0008AF399 /* youtube_tutorial.app */ = {isa = PBXFileReference; explicitFileType = wrapper.application; includeInIndex = 0; path = youtube_tutorial.app; sourceTree = BUILT_PRODUCTS_DIR; };
		680ACB1D24C634D0008AF399 /* AppDelegate.swift */ = {isa = PBXFileReference; lastKnownFileType = sourcecode.swift; path = AppDelegate.swift; sourceTree = "<group>"; };
		680ACB1F24C634D0008AF399 /* SceneDelegate.swift */ = {isa = PBXFileReference; lastKnownFileType = sourcecode.swift; path = SceneDelegate.swift; sourceTree = "<group>"; };
		680ACB2624C634D2008AF399 /* Assets.xcassets */ = {isa = PBXFileReference; lastKnownFileType = folder.assetcatalog; path = Assets.xcassets; sourceTree = "<group>"; };
		680ACB2924C634D2008AF399 /* Base */ = {isa = PBXFileReference; lastKnownFileType = file.storyboard; name = Base; path = Base.lproj/LaunchScreen.storyboard; sourceTree = "<group>"; };
		680ACB2B24C634D2008AF399 /* Info.plist */ = {isa = PBXFileReference; lastKnownFileType = text.plist.xml; path = Info.plist; sourceTree = "<group>"; };
		68133C4124C8F0EA0095CA6D /* UIColorExtension.swift */ = {isa = PBXFileReference; lastKnownFileType = sourcecode.swift; path = UIColorExtension.swift; sourceTree = "<group>"; };
		68133C4424C8F5E80095CA6D /* MenuBar.swift */ = {isa = PBXFileReference; lastKnownFileType = sourcecode.swift; path = MenuBar.swift; sourceTree = "<group>"; };
		681BA5EE24CA197A00E81F95 /* MenuCollectionViewCell.swift */ = {isa = PBXFileReference; lastKnownFileType = sourcecode.swift; path = MenuCollectionViewCell.swift; sourceTree = "<group>"; };
		681BA5F124CA199300E81F95 /* BaseCollectionViewCell.swift */ = {isa = PBXFileReference; lastKnownFileType = sourcecode.swift; path = BaseCollectionViewCell.swift; sourceTree = "<group>"; };
		6826AA2824C78D31006B4E33 /* UIViewExtension.swift */ = {isa = PBXFileReference; lastKnownFileType = sourcecode.swift; path = UIViewExtension.swift; sourceTree = "<group>"; };
		6851B8AE24C63E82009984E4 /* HomeController.swift */ = {isa = PBXFileReference; lastKnownFileType = sourcecode.swift; path = HomeController.swift; sourceTree = "<group>"; };
		6851B8B024C64640009984E4 /* VideoCell.swift */ = {isa = PBXFileReference; lastKnownFileType = sourcecode.swift; path = VideoCell.swift; sourceTree = "<group>"; };
		685D95B924CC6E3F001364E3 /* UIBarButtonItemExtension.swift */ = {isa = PBXFileReference; lastKnownFileType = sourcecode.swift; path = UIBarButtonItemExtension.swift; sourceTree = "<group>"; };
		685D95BC24CC72E1001364E3 /* Video.swift */ = {isa = PBXFileReference; lastKnownFileType = sourcecode.swift; path = Video.swift; sourceTree = "<group>"; };
		685D95BE24CC8382001364E3 /* Channel.swift */ = {isa = PBXFileReference; lastKnownFileType = sourcecode.swift; path = Channel.swift; sourceTree = "<group>"; };
		685D95C124CCA467001364E3 /* LayoutHelper.swift */ = {isa = PBXFileReference; lastKnownFileType = sourcecode.swift; path = LayoutHelper.swift; sourceTree = "<group>"; };
		68E43F9A24D8A33F00332A99 /* SettingsLauncher.swift */ = {isa = PBXFileReference; fileEncoding = 4; lastKnownFileType = sourcecode.swift; path = SettingsLauncher.swift; sourceTree = "<group>"; };
		68EB646724CF666700533FF1 /* UIImageViewExtension.swift */ = {isa = PBXFileReference; lastKnownFileType = sourcecode.swift; path = UIImageViewExtension.swift; sourceTree = "<group>"; };
		68F03B5624D0E8C40069C8A6 /* SettingCollectionViewCell.swift */ = {isa = PBXFileReference; lastKnownFileType = sourcecode.swift; path = SettingCollectionViewCell.swift; sourceTree = "<group>"; };
/* End PBXFileReference section */

/* Begin PBXFrameworksBuildPhase section */
		680ACB1724C634D0008AF399 /* Frameworks */ = {
			isa = PBXFrameworksBuildPhase;
			buildActionMask = 2147483647;
			files = (
			);
			runOnlyForDeploymentPostprocessing = 0;
		};
/* End PBXFrameworksBuildPhase section */

/* Begin PBXGroup section */
		680ACB1124C634D0008AF399 = {
			isa = PBXGroup;
			children = (
				680ACB1C24C634D0008AF399 /* youtube_tutorial */,
				680ACB1B24C634D0008AF399 /* Products */,
			);
			sourceTree = "<group>";
		};
		680ACB1B24C634D0008AF399 /* Products */ = {
			isa = PBXGroup;
			children = (
				680ACB1A24C634D0008AF399 /* youtube_tutorial.app */,
			);
			name = Products;
			sourceTree = "<group>";
		};
		680ACB1C24C634D0008AF399 /* youtube_tutorial */ = {
			isa = PBXGroup;
			children = (
				685D95C024CCA452001364E3 /* Helpers */,
				685D95BB24CC7205001364E3 /* Models */,
				68FE2C0724CA131B0049D891 /* Controllers */,
				68133C4324C8F5BD0095CA6D /* Views */,
				6826AA2724C78CDC006B4E33 /* Extensions */,
				680ACB1D24C634D0008AF399 /* AppDelegate.swift */,
				680ACB1F24C634D0008AF399 /* SceneDelegate.swift */,
				680ACB2624C634D2008AF399 /* Assets.xcassets */,
				680ACB2824C634D2008AF399 /* LaunchScreen.storyboard */,
				680ACB2B24C634D2008AF399 /* Info.plist */,
			);
			path = youtube_tutorial;
			sourceTree = "<group>";
		};
		68133C4324C8F5BD0095CA6D /* Views */ = {
			isa = PBXGroup;
			children = (
				68E43F9A24D8A33F00332A99 /* SettingsLauncher.swift */,
				6851B8B024C64640009984E4 /* VideoCell.swift */,
				68133C4424C8F5E80095CA6D /* MenuBar.swift */,
				681BA5EE24CA197A00E81F95 /* MenuCollectionViewCell.swift */,
				681BA5F124CA199300E81F95 /* BaseCollectionViewCell.swift */,
				68F03B5624D0E8C40069C8A6 /* SettingCollectionViewCell.swift */,
			);
			path = Views;
			sourceTree = "<group>";
		};
		6826AA2724C78CDC006B4E33 /* Extensions */ = {
			isa = PBXGroup;
			children = (
				6826AA2824C78D31006B4E33 /* UIViewExtension.swift */,
				68133C4124C8F0EA0095CA6D /* UIColorExtension.swift */,
				685D95B924CC6E3F001364E3 /* UIBarButtonItemExtension.swift */,
				68EB646724CF666700533FF1 /* UIImageViewExtension.swift */,
			);
			path = Extensions;
			sourceTree = "<group>";
		};
		685D95BB24CC7205001364E3 /* Models */ = {
			isa = PBXGroup;
			children = (
				685D95BC24CC72E1001364E3 /* Video.swift */,
				685D95BE24CC8382001364E3 /* Channel.swift */,
			);
			path = Models;
			sourceTree = "<group>";
		};
		685D95C024CCA452001364E3 /* Helpers */ = {
			isa = PBXGroup;
			children = (
				685D95C124CCA467001364E3 /* LayoutHelper.swift */,
			);
			path = Helpers;
			sourceTree = "<group>";
		};
		68FE2C0724CA131B0049D891 /* Controllers */ = {
			isa = PBXGroup;
			children = (
				6851B8AE24C63E82009984E4 /* HomeController.swift */,
			);
			path = Controllers;
			sourceTree = "<group>";
		};
/* End PBXGroup section */

/* Begin PBXNativeTarget section */
		680ACB1924C634D0008AF399 /* youtube_tutorial */ = {
			isa = PBXNativeTarget;
			buildConfigurationList = 680ACB2E24C634D2008AF399 /* Build configuration list for PBXNativeTarget "youtube_tutorial" */;
			buildPhases = (
				680ACB1624C634D0008AF399 /* Sources */,
				680ACB1724C634D0008AF399 /* Frameworks */,
				680ACB1824C634D0008AF399 /* Resources */,
			);
			buildRules = (
			);
			dependencies = (
			);
			name = youtube_tutorial;
			productName = youtube_tutorial;
			productReference = 680ACB1A24C634D0008AF399 /* youtube_tutorial.app */;
			productType = "com.apple.product-type.application";
		};
/* End PBXNativeTarget section */

/* Begin PBXProject section */
		680ACB1224C634D0008AF399 /* Project object */ = {
			isa = PBXProject;
			attributes = {
				LastSwiftUpdateCheck = 1160;
				LastUpgradeCheck = 1160;
				ORGANIZATIONNAME = "Krzysztof Maraszkiewicz";
				TargetAttributes = {
					680ACB1924C634D0008AF399 = {
						CreatedOnToolsVersion = 11.6;
					};
				};
			};
			buildConfigurationList = 680ACB1524C634D0008AF399 /* Build configuration list for PBXProject "youtube_tutorial" */;
			compatibilityVersion = "Xcode 9.3";
			developmentRegion = en;
			hasScannedForEncodings = 0;
			knownRegions = (
				en,
				Base,
			);
			mainGroup = 680ACB1124C634D0008AF399;
			productRefGroup = 680ACB1B24C634D0008AF399 /* Products */;
			projectDirPath = "";
			projectRoot = "";
			targets = (
				680ACB1924C634D0008AF399 /* youtube_tutorial */,
			);
		};
/* End PBXProject section */

/* Begin PBXResourcesBuildPhase section */
		680ACB1824C634D0008AF399 /* Resources */ = {
			isa = PBXResourcesBuildPhase;
			buildActionMask = 2147483647;
			files = (
				680ACB2A24C634D2008AF399 /* LaunchScreen.storyboard in Resources */,
				680ACB2724C634D2008AF399 /* Assets.xcassets in Resources */,
			);
			runOnlyForDeploymentPostprocessing = 0;
		};
/* End PBXResourcesBuildPhase section */

/* Begin PBXSourcesBuildPhase section */
		680ACB1624C634D0008AF399 /* Sources */ = {
			isa = PBXSourcesBuildPhase;
			buildActionMask = 2147483647;
			files = (
				685D95BA24CC6E3F001364E3 /* UIBarButtonItemExtension.swift in Sources */,
				685D95C224CCA467001364E3 /* LayoutHelper.swift in Sources */,
				68EB646824CF666700533FF1 /* UIImageViewExtension.swift in Sources */,
				685D95BF24CC8382001364E3 /* Channel.swift in Sources */,
				68E43F9B24D8A33F00332A99 /* SettingsLauncher.swift in Sources */,
				6826AA2924C78D31006B4E33 /* UIViewExtension.swift in Sources */,
				680ACB1E24C634D0008AF399 /* AppDelegate.swift in Sources */,
				681BA5F224CA199300E81F95 /* BaseCollectionViewCell.swift in Sources */,
				6851B8B124C64640009984E4 /* VideoCell.swift in Sources */,
				681BA5EF24CA197A00E81F95 /* MenuCollectionViewCell.swift in Sources */,
				680ACB2024C634D0008AF399 /* SceneDelegate.swift in Sources */,
				685D95BD24CC72E1001364E3 /* Video.swift in Sources */,
				6851B8AF24C63E82009984E4 /* HomeController.swift in Sources */,
				68133C4524C8F5E80095CA6D /* MenuBar.swift in Sources */,
				68133C4224C8F0EA0095CA6D /* UIColorExtension.swift in Sources */,
				68F03B5724D0E8C40069C8A6 /* SettingCollectionViewCell.swift in Sources */,
			);
			runOnlyForDeploymentPostprocessing = 0;
		};
/* End PBXSourcesBuildPhase section */

/* Begin PBXVariantGroup section */
		680ACB2824C634D2008AF399 /* LaunchScreen.storyboard */ = {
			isa = PBXVariantGroup;
			children = (
				680ACB2924C634D2008AF399 /* Base */,
			);
			name = LaunchScreen.storyboard;
			sourceTree = "<group>";
		};
/* End PBXVariantGroup section */

/* Begin XCBuildConfiguration section */
		680ACB2C24C634D2008AF399 /* Debug */ = {
			isa = XCBuildConfiguration;
			buildSettings = {
				ALWAYS_SEARCH_USER_PATHS = NO;
				CLANG_ANALYZER_NONNULL = YES;
				CLANG_ANALYZER_NUMBER_OBJECT_CONVERSION = YES_AGGRESSIVE;
				CLANG_CXX_LANGUAGE_STANDARD = "gnu++14";
				CLANG_CXX_LIBRARY = "libc++";
				CLANG_ENABLE_MODULES = YES;
				CLANG_ENABLE_OBJC_ARC = YES;
				CLANG_ENABLE_OBJC_WEAK = YES;
				CLANG_WARN_BLOCK_CAPTURE_AUTORELEASING = YES;
				CLANG_WARN_BOOL_CONVERSION = YES;
				CLANG_WARN_COMMA = YES;
				CLANG_WARN_CONSTANT_CONVERSION = YES;
				CLANG_WARN_DEPRECATED_OBJC_IMPLEMENTATIONS = YES;
				CLANG_WARN_DIRECT_OBJC_ISA_USAGE = YES_ERROR;
				CLANG_WARN_DOCUMENTATION_COMMENTS = YES;
				CLANG_WARN_EMPTY_BODY = YES;
				CLANG_WARN_ENUM_CONVERSION = YES;
				CLANG_WARN_INFINITE_RECURSION = YES;
				CLANG_WARN_INT_CONVERSION = YES;
				CLANG_WARN_NON_LITERAL_NULL_CONVERSION = YES;
				CLANG_WARN_OBJC_IMPLICIT_RETAIN_SELF = YES;
				CLANG_WARN_OBJC_LITERAL_CONVERSION = YES;
				CLANG_WARN_OBJC_ROOT_CLASS = YES_ERROR;
				CLANG_WARN_RANGE_LOOP_ANALYSIS = YES;
				CLANG_WARN_STRICT_PROTOTYPES = YES;
				CLANG_WARN_SUSPICIOUS_MOVE = YES;
				CLANG_WARN_UNGUARDED_AVAILABILITY = YES_AGGRESSIVE;
				CLANG_WARN_UNREACHABLE_CODE = YES;
				CLANG_WARN__DUPLICATE_METHOD_MATCH = YES;
				COPY_PHASE_STRIP = NO;
				DEBUG_INFORMATION_FORMAT = dwarf;
				ENABLE_STRICT_OBJC_MSGSEND = YES;
				ENABLE_TESTABILITY = YES;
				GCC_C_LANGUAGE_STANDARD = gnu11;
				GCC_DYNAMIC_NO_PIC = NO;
				GCC_NO_COMMON_BLOCKS = YES;
				GCC_OPTIMIZATION_LEVEL = 0;
				GCC_PREPROCESSOR_DEFINITIONS = (
					"DEBUG=1",
					"$(inherited)",
				);
				GCC_WARN_64_TO_32_BIT_CONVERSION = YES;
				GCC_WARN_ABOUT_RETURN_TYPE = YES_ERROR;
				GCC_WARN_UNDECLARED_SELECTOR = YES;
				GCC_WARN_UNINITIALIZED_AUTOS = YES_AGGRESSIVE;
				GCC_WARN_UNUSED_FUNCTION = YES;
				GCC_WARN_UNUSED_VARIABLE = YES;
				IPHONEOS_DEPLOYMENT_TARGET = 13.6;
				MTL_ENABLE_DEBUG_INFO = INCLUDE_SOURCE;
				MTL_FAST_MATH = YES;
				ONLY_ACTIVE_ARCH = YES;
				SDKROOT = iphoneos;
				SWIFT_ACTIVE_COMPILATION_CONDITIONS = DEBUG;
				SWIFT_OPTIMIZATION_LEVEL = "-Onone";
			};
			name = Debug;
		};
		680ACB2D24C634D2008AF399 /* Release */ = {
			isa = XCBuildConfiguration;
			buildSettings = {
				ALWAYS_SEARCH_USER_PATHS = NO;
				CLANG_ANALYZER_NONNULL = YES;
				CLANG_ANALYZER_NUMBER_OBJECT_CONVERSION = YES_AGGRESSIVE;
				CLANG_CXX_LANGUAGE_STANDARD = "gnu++14";
				CLANG_CXX_LIBRARY = "libc++";
				CLANG_ENABLE_MODULES = YES;
				CLANG_ENABLE_OBJC_ARC = YES;
				CLANG_ENABLE_OBJC_WEAK = YES;
				CLANG_WARN_BLOCK_CAPTURE_AUTORELEASING = YES;
				CLANG_WARN_BOOL_CONVERSION = YES;
				CLANG_WARN_COMMA = YES;
				CLANG_WARN_CONSTANT_CONVERSION = YES;
				CLANG_WARN_DEPRECATED_OBJC_IMPLEMENTATIONS = YES;
				CLANG_WARN_DIRECT_OBJC_ISA_USAGE = YES_ERROR;
				CLANG_WARN_DOCUMENTATION_COMMENTS = YES;
				CLANG_WARN_EMPTY_BODY = YES;
				CLANG_WARN_ENUM_CONVERSION = YES;
				CLANG_WARN_INFINITE_RECURSION = YES;
				CLANG_WARN_INT_CONVERSION = YES;
				CLANG_WARN_NON_LITERAL_NULL_CONVERSION = YES;
				CLANG_WARN_OBJC_IMPLICIT_RETAIN_SELF = YES;
				CLANG_WARN_OBJC_LITERAL_CONVERSION = YES;
				CLANG_WARN_OBJC_ROOT_CLASS = YES_ERROR;
				CLANG_WARN_RANGE_LOOP_ANALYSIS = YES;
				CLANG_WARN_STRICT_PROTOTYPES = YES;
				CLANG_WARN_SUSPICIOUS_MOVE = YES;
				CLANG_WARN_UNGUARDED_AVAILABILITY = YES_AGGRESSIVE;
				CLANG_WARN_UNREACHABLE_CODE = YES;
				CLANG_WARN__DUPLICATE_METHOD_MATCH = YES;
				COPY_PHASE_STRIP = NO;
				DEBUG_INFORMATION_FORMAT = "dwarf-with-dsym";
				ENABLE_NS_ASSERTIONS = NO;
				ENABLE_STRICT_OBJC_MSGSEND = YES;
				GCC_C_LANGUAGE_STANDARD = gnu11;
				GCC_NO_COMMON_BLOCKS = YES;
				GCC_WARN_64_TO_32_BIT_CONVERSION = YES;
				GCC_WARN_ABOUT_RETURN_TYPE = YES_ERROR;
				GCC_WARN_UNDECLARED_SELECTOR = YES;
				GCC_WARN_UNINITIALIZED_AUTOS = YES_AGGRESSIVE;
				GCC_WARN_UNUSED_FUNCTION = YES;
				GCC_WARN_UNUSED_VARIABLE = YES;
				IPHONEOS_DEPLOYMENT_TARGET = 13.6;
				MTL_ENABLE_DEBUG_INFO = NO;
				MTL_FAST_MATH = YES;
				SDKROOT = iphoneos;
				SWIFT_COMPILATION_MODE = wholemodule;
				SWIFT_OPTIMIZATION_LEVEL = "-O";
				VALIDATE_PRODUCT = YES;
			};
			name = Release;
		};
		680ACB2F24C634D2008AF399 /* Debug */ = {
			isa = XCBuildConfiguration;
			buildSettings = {
				ASSETCATALOG_COMPILER_APPICON_NAME = AppIcon;
				CODE_SIGN_STYLE = Automatic;
				DEVELOPMENT_TEAM = U88DLR87FV;
				INFOPLIST_FILE = youtube_tutorial/Info.plist;
				LD_RUNPATH_SEARCH_PATHS = (
					"$(inherited)",
					"@executable_path/Frameworks",
				);
				PRODUCT_BUNDLE_IDENTIFIER = "kmaraszkiewicz86.com.youtube-tutorial";
				PRODUCT_NAME = "$(TARGET_NAME)";
				SWIFT_VERSION = 5.0;
				TARGETED_DEVICE_FAMILY = "1,2";
			};
			name = Debug;
		};
		680ACB3024C634D2008AF399 /* Release */ = {
			isa = XCBuildConfiguration;
			buildSettings = {
				ASSETCATALOG_COMPILER_APPICON_NAME = AppIcon;
				CODE_SIGN_STYLE = Automatic;
				DEVELOPMENT_TEAM = U88DLR87FV;
				INFOPLIST_FILE = youtube_tutorial/Info.plist;
				LD_RUNPATH_SEARCH_PATHS = (
					"$(inherited)",
					"@executable_path/Frameworks",
				);
				PRODUCT_BUNDLE_IDENTIFIER = "kmaraszkiewicz86.com.youtube-tutorial";
				PRODUCT_NAME = "$(TARGET_NAME)";
				SWIFT_VERSION = 5.0;
				TARGETED_DEVICE_FAMILY = "1,2";
			};
			name = Release;
		};
/* End XCBuildConfiguration section */

/* Begin XCConfigurationList section */
		680ACB1524C634D0008AF399 /* Build configuration list for PBXProject "youtube_tutorial" */ = {
			isa = XCConfigurationList;
			buildConfigurations = (
				680ACB2C24C634D2008AF399 /* Debug */,
				680ACB2D24C634D2008AF399 /* Release */,
			);
			defaultConfigurationIsVisible = 0;
			defaultConfigurationName = Release;
		};
		680ACB2E24C634D2008AF399 /* Build configuration list for PBXNativeTarget "youtube_tutorial" */ = {
			isa = XCConfigurationList;
			buildConfigurations = (
				680ACB2F24C634D2008AF399 /* Debug */,
				680ACB3024C634D2008AF399 /* Release */,
			);
			defaultConfigurationIsVisible = 0;
			defaultConfigurationName = Release;
		};
/* End XCConfigurationList section */
	};
	rootObject = 680ACB1224C634D0008AF399 /* Project object */;
}
