// !$*UTF8*$!
{
	archiveVersion = 1;
	classes = {
	};
	objectVersion = 50;
	objects = {

/* Begin PBXBuildFile section */
		68F1D5FC253A2C18009609E3 /* SwiftUIGettingStartedApp.swift in Sources */ = {isa = PBXBuildFile; fileRef = 68F1D5FB253A2C18009609E3 /* SwiftUIGettingStartedApp.swift */; };
		68F1D5FE253A2C18009609E3 /* ContentView.swift in Sources */ = {isa = PBXBuildFile; fileRef = 68F1D5FD253A2C18009609E3 /* ContentView.swift */; };
		68F1D600253A2C19009609E3 /* Assets.xcassets in Resources */ = {isa = PBXBuildFile; fileRef = 68F1D5FF253A2C19009609E3 /* Assets.xcassets */; };
		68F1D603253A2C19009609E3 /* Preview Assets.xcassets in Resources */ = {isa = PBXBuildFile; fileRef = 68F1D602253A2C19009609E3 /* Preview Assets.xcassets */; };
		68F1D60E253A2C1A009609E3 /* SwiftUIGettingStartedTests.swift in Sources */ = {isa = PBXBuildFile; fileRef = 68F1D60D253A2C1A009609E3 /* SwiftUIGettingStartedTests.swift */; };
		68F1D619253A2C1A009609E3 /* SwiftUIGettingStartedUITests.swift in Sources */ = {isa = PBXBuildFile; fileRef = 68F1D618253A2C1A009609E3 /* SwiftUIGettingStartedUITests.swift */; };
		68F1D62D253A3CB9009609E3 /* ImageLabelView.swift in Sources */ = {isa = PBXBuildFile; fileRef = 68F1D62C253A3CB9009609E3 /* ImageLabelView.swift */; };
		68F1D636253A3FF9009609E3 /* User.swift in Sources */ = {isa = PBXBuildFile; fileRef = 68F1D635253A3FF9009609E3 /* User.swift */; };
		68F1D63E253A401C009609E3 /* Visit.swift in Sources */ = {isa = PBXBuildFile; fileRef = 68F1D63D253A401C009609E3 /* Visit.swift */; };
		68F1D64B253A40BE009609E3 /* CardView.swift in Sources */ = {isa = PBXBuildFile; fileRef = 68F1D64A253A40BE009609E3 /* CardView.swift */; };
		68F1D650253A46D2009609E3 /* VisitorInfoView.swift in Sources */ = {isa = PBXBuildFile; fileRef = 68F1D64F253A46D2009609E3 /* VisitorInfoView.swift */; };
		68F1D655253A4A27009609E3 /* BarView.swift in Sources */ = {isa = PBXBuildFile; fileRef = 68F1D654253A4A27009609E3 /* BarView.swift */; };
/* End PBXBuildFile section */

/* Begin PBXContainerItemProxy section */
		68F1D60A253A2C19009609E3 /* PBXContainerItemProxy */ = {
			isa = PBXContainerItemProxy;
			containerPortal = 68F1D5F0253A2C18009609E3 /* Project object */;
			proxyType = 1;
			remoteGlobalIDString = 68F1D5F7253A2C18009609E3;
			remoteInfo = SwiftUIGettingStarted;
		};
		68F1D615253A2C1A009609E3 /* PBXContainerItemProxy */ = {
			isa = PBXContainerItemProxy;
			containerPortal = 68F1D5F0253A2C18009609E3 /* Project object */;
			proxyType = 1;
			remoteGlobalIDString = 68F1D5F7253A2C18009609E3;
			remoteInfo = SwiftUIGettingStarted;
		};
/* End PBXContainerItemProxy section */

/* Begin PBXFileReference section */
		68F1D5F8253A2C18009609E3 /* SwiftUIGettingStarted.app */ = {isa = PBXFileReference; explicitFileType = wrapper.application; includeInIndex = 0; path = SwiftUIGettingStarted.app; sourceTree = BUILT_PRODUCTS_DIR; };
		68F1D5FB253A2C18009609E3 /* SwiftUIGettingStartedApp.swift */ = {isa = PBXFileReference; lastKnownFileType = sourcecode.swift; path = SwiftUIGettingStartedApp.swift; sourceTree = "<group>"; };
		68F1D5FD253A2C18009609E3 /* ContentView.swift */ = {isa = PBXFileReference; lastKnownFileType = sourcecode.swift; path = ContentView.swift; sourceTree = "<group>"; };
		68F1D5FF253A2C19009609E3 /* Assets.xcassets */ = {isa = PBXFileReference; lastKnownFileType = folder.assetcatalog; path = Assets.xcassets; sourceTree = "<group>"; };
		68F1D602253A2C19009609E3 /* Preview Assets.xcassets */ = {isa = PBXFileReference; lastKnownFileType = folder.assetcatalog; path = "Preview Assets.xcassets"; sourceTree = "<group>"; };
		68F1D604253A2C19009609E3 /* Info.plist */ = {isa = PBXFileReference; lastKnownFileType = text.plist.xml; path = Info.plist; sourceTree = "<group>"; };
		68F1D609253A2C19009609E3 /* SwiftUIGettingStartedTests.xctest */ = {isa = PBXFileReference; explicitFileType = wrapper.cfbundle; includeInIndex = 0; path = SwiftUIGettingStartedTests.xctest; sourceTree = BUILT_PRODUCTS_DIR; };
		68F1D60D253A2C1A009609E3 /* SwiftUIGettingStartedTests.swift */ = {isa = PBXFileReference; lastKnownFileType = sourcecode.swift; path = SwiftUIGettingStartedTests.swift; sourceTree = "<group>"; };
		68F1D60F253A2C1A009609E3 /* Info.plist */ = {isa = PBXFileReference; lastKnownFileType = text.plist.xml; path = Info.plist; sourceTree = "<group>"; };
		68F1D614253A2C1A009609E3 /* SwiftUIGettingStartedUITests.xctest */ = {isa = PBXFileReference; explicitFileType = wrapper.cfbundle; includeInIndex = 0; path = SwiftUIGettingStartedUITests.xctest; sourceTree = BUILT_PRODUCTS_DIR; };
		68F1D618253A2C1A009609E3 /* SwiftUIGettingStartedUITests.swift */ = {isa = PBXFileReference; lastKnownFileType = sourcecode.swift; path = SwiftUIGettingStartedUITests.swift; sourceTree = "<group>"; };
		68F1D61A253A2C1A009609E3 /* Info.plist */ = {isa = PBXFileReference; lastKnownFileType = text.plist.xml; path = Info.plist; sourceTree = "<group>"; };
		68F1D62C253A3CB9009609E3 /* ImageLabelView.swift */ = {isa = PBXFileReference; lastKnownFileType = sourcecode.swift; path = ImageLabelView.swift; sourceTree = "<group>"; };
		68F1D635253A3FF9009609E3 /* User.swift */ = {isa = PBXFileReference; lastKnownFileType = sourcecode.swift; path = User.swift; sourceTree = "<group>"; };
		68F1D63D253A401C009609E3 /* Visit.swift */ = {isa = PBXFileReference; lastKnownFileType = sourcecode.swift; path = Visit.swift; sourceTree = "<group>"; };
		68F1D64A253A40BE009609E3 /* CardView.swift */ = {isa = PBXFileReference; lastKnownFileType = sourcecode.swift; path = CardView.swift; sourceTree = "<group>"; };
		68F1D64F253A46D2009609E3 /* VisitorInfoView.swift */ = {isa = PBXFileReference; lastKnownFileType = sourcecode.swift; path = VisitorInfoView.swift; sourceTree = "<group>"; };
		68F1D654253A4A27009609E3 /* BarView.swift */ = {isa = PBXFileReference; lastKnownFileType = sourcecode.swift; path = BarView.swift; sourceTree = "<group>"; };
/* End PBXFileReference section */

/* Begin PBXFrameworksBuildPhase section */
		68F1D5F5253A2C18009609E3 /* Frameworks */ = {
			isa = PBXFrameworksBuildPhase;
			buildActionMask = 2147483647;
			files = (
			);
			runOnlyForDeploymentPostprocessing = 0;
		};
		68F1D606253A2C19009609E3 /* Frameworks */ = {
			isa = PBXFrameworksBuildPhase;
			buildActionMask = 2147483647;
			files = (
			);
			runOnlyForDeploymentPostprocessing = 0;
		};
		68F1D611253A2C1A009609E3 /* Frameworks */ = {
			isa = PBXFrameworksBuildPhase;
			buildActionMask = 2147483647;
			files = (
			);
			runOnlyForDeploymentPostprocessing = 0;
		};
/* End PBXFrameworksBuildPhase section */

/* Begin PBXGroup section */
		68F1D5EF253A2C18009609E3 = {
			isa = PBXGroup;
			children = (
				68F1D5FA253A2C18009609E3 /* SwiftUIGettingStarted */,
				68F1D60C253A2C19009609E3 /* SwiftUIGettingStartedTests */,
				68F1D617253A2C1A009609E3 /* SwiftUIGettingStartedUITests */,
				68F1D5F9253A2C18009609E3 /* Products */,
			);
			sourceTree = "<group>";
		};
		68F1D5F9253A2C18009609E3 /* Products */ = {
			isa = PBXGroup;
			children = (
				68F1D5F8253A2C18009609E3 /* SwiftUIGettingStarted.app */,
				68F1D609253A2C19009609E3 /* SwiftUIGettingStartedTests.xctest */,
				68F1D614253A2C1A009609E3 /* SwiftUIGettingStartedUITests.xctest */,
			);
			name = Products;
			sourceTree = "<group>";
		};
		68F1D5FA253A2C18009609E3 /* SwiftUIGettingStarted */ = {
			isa = PBXGroup;
			children = (
				68F1D634253A3FE8009609E3 /* Models */,
				68F1D5FB253A2C18009609E3 /* SwiftUIGettingStartedApp.swift */,
				68F1D5FD253A2C18009609E3 /* ContentView.swift */,
				68F1D5FF253A2C19009609E3 /* Assets.xcassets */,
				68F1D604253A2C19009609E3 /* Info.plist */,
				68F1D601253A2C19009609E3 /* Preview Content */,
				68F1D62C253A3CB9009609E3 /* ImageLabelView.swift */,
				68F1D64A253A40BE009609E3 /* CardView.swift */,
				68F1D64F253A46D2009609E3 /* VisitorInfoView.swift */,
				68F1D654253A4A27009609E3 /* BarView.swift */,
			);
			path = SwiftUIGettingStarted;
			sourceTree = "<group>";
		};
		68F1D601253A2C19009609E3 /* Preview Content */ = {
			isa = PBXGroup;
			children = (
				68F1D602253A2C19009609E3 /* Preview Assets.xcassets */,
			);
			path = "Preview Content";
			sourceTree = "<group>";
		};
		68F1D60C253A2C19009609E3 /* SwiftUIGettingStartedTests */ = {
			isa = PBXGroup;
			children = (
				68F1D60D253A2C1A009609E3 /* SwiftUIGettingStartedTests.swift */,
				68F1D60F253A2C1A009609E3 /* Info.plist */,
			);
			path = SwiftUIGettingStartedTests;
			sourceTree = "<group>";
		};
		68F1D617253A2C1A009609E3 /* SwiftUIGettingStartedUITests */ = {
			isa = PBXGroup;
			children = (
				68F1D618253A2C1A009609E3 /* SwiftUIGettingStartedUITests.swift */,
				68F1D61A253A2C1A009609E3 /* Info.plist */,
			);
			path = SwiftUIGettingStartedUITests;
			sourceTree = "<group>";
		};
		68F1D634253A3FE8009609E3 /* Models */ = {
			isa = PBXGroup;
			children = (
				68F1D635253A3FF9009609E3 /* User.swift */,
				68F1D63D253A401C009609E3 /* Visit.swift */,
			);
			path = Models;
			sourceTree = "<group>";
		};
/* End PBXGroup section */

/* Begin PBXNativeTarget section */
		68F1D5F7253A2C18009609E3 /* SwiftUIGettingStarted */ = {
			isa = PBXNativeTarget;
			buildConfigurationList = 68F1D61D253A2C1A009609E3 /* Build configuration list for PBXNativeTarget "SwiftUIGettingStarted" */;
			buildPhases = (
				68F1D5F4253A2C18009609E3 /* Sources */,
				68F1D5F5253A2C18009609E3 /* Frameworks */,
				68F1D5F6253A2C18009609E3 /* Resources */,
			);
			buildRules = (
			);
			dependencies = (
			);
			name = SwiftUIGettingStarted;
			productName = SwiftUIGettingStarted;
			productReference = 68F1D5F8253A2C18009609E3 /* SwiftUIGettingStarted.app */;
			productType = "com.apple.product-type.application";
		};
		68F1D608253A2C19009609E3 /* SwiftUIGettingStartedTests */ = {
			isa = PBXNativeTarget;
			buildConfigurationList = 68F1D620253A2C1A009609E3 /* Build configuration list for PBXNativeTarget "SwiftUIGettingStartedTests" */;
			buildPhases = (
				68F1D605253A2C19009609E3 /* Sources */,
				68F1D606253A2C19009609E3 /* Frameworks */,
				68F1D607253A2C19009609E3 /* Resources */,
			);
			buildRules = (
			);
			dependencies = (
				68F1D60B253A2C19009609E3 /* PBXTargetDependency */,
			);
			name = SwiftUIGettingStartedTests;
			productName = SwiftUIGettingStartedTests;
			productReference = 68F1D609253A2C19009609E3 /* SwiftUIGettingStartedTests.xctest */;
			productType = "com.apple.product-type.bundle.unit-test";
		};
		68F1D613253A2C1A009609E3 /* SwiftUIGettingStartedUITests */ = {
			isa = PBXNativeTarget;
			buildConfigurationList = 68F1D623253A2C1A009609E3 /* Build configuration list for PBXNativeTarget "SwiftUIGettingStartedUITests" */;
			buildPhases = (
				68F1D610253A2C1A009609E3 /* Sources */,
				68F1D611253A2C1A009609E3 /* Frameworks */,
				68F1D612253A2C1A009609E3 /* Resources */,
			);
			buildRules = (
			);
			dependencies = (
				68F1D616253A2C1A009609E3 /* PBXTargetDependency */,
			);
			name = SwiftUIGettingStartedUITests;
			productName = SwiftUIGettingStartedUITests;
			productReference = 68F1D614253A2C1A009609E3 /* SwiftUIGettingStartedUITests.xctest */;
			productType = "com.apple.product-type.bundle.ui-testing";
		};
/* End PBXNativeTarget section */

/* Begin PBXProject section */
		68F1D5F0253A2C18009609E3 /* Project object */ = {
			isa = PBXProject;
			attributes = {
				LastSwiftUpdateCheck = 1200;
				LastUpgradeCheck = 1200;
				TargetAttributes = {
					68F1D5F7253A2C18009609E3 = {
						CreatedOnToolsVersion = 12.0.1;
					};
					68F1D608253A2C19009609E3 = {
						CreatedOnToolsVersion = 12.0.1;
						TestTargetID = 68F1D5F7253A2C18009609E3;
					};
					68F1D613253A2C1A009609E3 = {
						CreatedOnToolsVersion = 12.0.1;
						TestTargetID = 68F1D5F7253A2C18009609E3;
					};
				};
			};
			buildConfigurationList = 68F1D5F3253A2C18009609E3 /* Build configuration list for PBXProject "SwiftUIGettingStarted" */;
			compatibilityVersion = "Xcode 9.3";
			developmentRegion = en;
			hasScannedForEncodings = 0;
			knownRegions = (
				en,
				Base,
			);
			mainGroup = 68F1D5EF253A2C18009609E3;
			productRefGroup = 68F1D5F9253A2C18009609E3 /* Products */;
			projectDirPath = "";
			projectRoot = "";
			targets = (
				68F1D5F7253A2C18009609E3 /* SwiftUIGettingStarted */,
				68F1D608253A2C19009609E3 /* SwiftUIGettingStartedTests */,
				68F1D613253A2C1A009609E3 /* SwiftUIGettingStartedUITests */,
			);
		};
/* End PBXProject section */

/* Begin PBXResourcesBuildPhase section */
		68F1D5F6253A2C18009609E3 /* Resources */ = {
			isa = PBXResourcesBuildPhase;
			buildActionMask = 2147483647;
			files = (
				68F1D603253A2C19009609E3 /* Preview Assets.xcassets in Resources */,
				68F1D600253A2C19009609E3 /* Assets.xcassets in Resources */,
			);
			runOnlyForDeploymentPostprocessing = 0;
		};
		68F1D607253A2C19009609E3 /* Resources */ = {
			isa = PBXResourcesBuildPhase;
			buildActionMask = 2147483647;
			files = (
			);
			runOnlyForDeploymentPostprocessing = 0;
		};
		68F1D612253A2C1A009609E3 /* Resources */ = {
			isa = PBXResourcesBuildPhase;
			buildActionMask = 2147483647;
			files = (
			);
			runOnlyForDeploymentPostprocessing = 0;
		};
/* End PBXResourcesBuildPhase section */

/* Begin PBXSourcesBuildPhase section */
		68F1D5F4253A2C18009609E3 /* Sources */ = {
			isa = PBXSourcesBuildPhase;
			buildActionMask = 2147483647;
			files = (
				68F1D655253A4A27009609E3 /* BarView.swift in Sources */,
				68F1D650253A46D2009609E3 /* VisitorInfoView.swift in Sources */,
				68F1D636253A3FF9009609E3 /* User.swift in Sources */,
				68F1D62D253A3CB9009609E3 /* ImageLabelView.swift in Sources */,
				68F1D5FE253A2C18009609E3 /* ContentView.swift in Sources */,
				68F1D63E253A401C009609E3 /* Visit.swift in Sources */,
				68F1D64B253A40BE009609E3 /* CardView.swift in Sources */,
				68F1D5FC253A2C18009609E3 /* SwiftUIGettingStartedApp.swift in Sources */,
			);
			runOnlyForDeploymentPostprocessing = 0;
		};
		68F1D605253A2C19009609E3 /* Sources */ = {
			isa = PBXSourcesBuildPhase;
			buildActionMask = 2147483647;
			files = (
				68F1D60E253A2C1A009609E3 /* SwiftUIGettingStartedTests.swift in Sources */,
			);
			runOnlyForDeploymentPostprocessing = 0;
		};
		68F1D610253A2C1A009609E3 /* Sources */ = {
			isa = PBXSourcesBuildPhase;
			buildActionMask = 2147483647;
			files = (
				68F1D619253A2C1A009609E3 /* SwiftUIGettingStartedUITests.swift in Sources */,
			);
			runOnlyForDeploymentPostprocessing = 0;
		};
/* End PBXSourcesBuildPhase section */

/* Begin PBXTargetDependency section */
		68F1D60B253A2C19009609E3 /* PBXTargetDependency */ = {
			isa = PBXTargetDependency;
			target = 68F1D5F7253A2C18009609E3 /* SwiftUIGettingStarted */;
			targetProxy = 68F1D60A253A2C19009609E3 /* PBXContainerItemProxy */;
		};
		68F1D616253A2C1A009609E3 /* PBXTargetDependency */ = {
			isa = PBXTargetDependency;
			target = 68F1D5F7253A2C18009609E3 /* SwiftUIGettingStarted */;
			targetProxy = 68F1D615253A2C1A009609E3 /* PBXContainerItemProxy */;
		};
/* End PBXTargetDependency section */

/* Begin XCBuildConfiguration section */
		68F1D61B253A2C1A009609E3 /* Debug */ = {
			isa = XCBuildConfiguration;
			buildSettings = {
				ALWAYS_SEARCH_USER_PATHS = NO;
				CLANG_ANALYZER_NONNULL = YES;
				CLANG_ANALYZER_NUMBER_OBJECT_CONVERSION = YES_AGGRESSIVE;
				CLANG_CXX_LANGUAGE_STANDARD = "gnu++14";
				CLANG_CXX_LIBRARY = "libc++";
				CLANG_ENABLE_MODULES = YES;
				CLANG_ENABLE_OBJC_ARC = YES;
				CLANG_ENABLE_OBJC_WEAK = YES;
				CLANG_WARN_BLOCK_CAPTURE_AUTORELEASING = YES;
				CLANG_WARN_BOOL_CONVERSION = YES;
				CLANG_WARN_COMMA = YES;
				CLANG_WARN_CONSTANT_CONVERSION = YES;
				CLANG_WARN_DEPRECATED_OBJC_IMPLEMENTATIONS = YES;
				CLANG_WARN_DIRECT_OBJC_ISA_USAGE = YES_ERROR;
				CLANG_WARN_DOCUMENTATION_COMMENTS = YES;
				CLANG_WARN_EMPTY_BODY = YES;
				CLANG_WARN_ENUM_CONVERSION = YES;
				CLANG_WARN_INFINITE_RECURSION = YES;
				CLANG_WARN_INT_CONVERSION = YES;
				CLANG_WARN_NON_LITERAL_NULL_CONVERSION = YES;
				CLANG_WARN_OBJC_IMPLICIT_RETAIN_SELF = YES;
				CLANG_WARN_OBJC_LITERAL_CONVERSION = YES;
				CLANG_WARN_OBJC_ROOT_CLASS = YES_ERROR;
				CLANG_WARN_QUOTED_INCLUDE_IN_FRAMEWORK_HEADER = YES;
				CLANG_WARN_RANGE_LOOP_ANALYSIS = YES;
				CLANG_WARN_STRICT_PROTOTYPES = YES;
				CLANG_WARN_SUSPICIOUS_MOVE = YES;
				CLANG_WARN_UNGUARDED_AVAILABILITY = YES_AGGRESSIVE;
				CLANG_WARN_UNREACHABLE_CODE = YES;
				CLANG_WARN__DUPLICATE_METHOD_MATCH = YES;
				COPY_PHASE_STRIP = NO;
				DEBUG_INFORMATION_FORMAT = dwarf;
				ENABLE_STRICT_OBJC_MSGSEND = YES;
				ENABLE_TESTABILITY = YES;
				GCC_C_LANGUAGE_STANDARD = gnu11;
				GCC_DYNAMIC_NO_PIC = NO;
				GCC_NO_COMMON_BLOCKS = YES;
				GCC_OPTIMIZATION_LEVEL = 0;
				GCC_PREPROCESSOR_DEFINITIONS = (
					"DEBUG=1",
					"$(inherited)",
				);
				GCC_WARN_64_TO_32_BIT_CONVERSION = YES;
				GCC_WARN_ABOUT_RETURN_TYPE = YES_ERROR;
				GCC_WARN_UNDECLARED_SELECTOR = YES;
				GCC_WARN_UNINITIALIZED_AUTOS = YES_AGGRESSIVE;
				GCC_WARN_UNUSED_FUNCTION = YES;
				GCC_WARN_UNUSED_VARIABLE = YES;
				IPHONEOS_DEPLOYMENT_TARGET = 14.0;
				MTL_ENABLE_DEBUG_INFO = INCLUDE_SOURCE;
				MTL_FAST_MATH = YES;
				ONLY_ACTIVE_ARCH = YES;
				SDKROOT = iphoneos;
				SWIFT_ACTIVE_COMPILATION_CONDITIONS = DEBUG;
				SWIFT_OPTIMIZATION_LEVEL = "-Onone";
			};
			name = Debug;
		};
		68F1D61C253A2C1A009609E3 /* Release */ = {
			isa = XCBuildConfiguration;
			buildSettings = {
				ALWAYS_SEARCH_USER_PATHS = NO;
				CLANG_ANALYZER_NONNULL = YES;
				CLANG_ANALYZER_NUMBER_OBJECT_CONVERSION = YES_AGGRESSIVE;
				CLANG_CXX_LANGUAGE_STANDARD = "gnu++14";
				CLANG_CXX_LIBRARY = "libc++";
				CLANG_ENABLE_MODULES = YES;
				CLANG_ENABLE_OBJC_ARC = YES;
				CLANG_ENABLE_OBJC_WEAK = YES;
				CLANG_WARN_BLOCK_CAPTURE_AUTORELEASING = YES;
				CLANG_WARN_BOOL_CONVERSION = YES;
				CLANG_WARN_COMMA = YES;
				CLANG_WARN_CONSTANT_CONVERSION = YES;
				CLANG_WARN_DEPRECATED_OBJC_IMPLEMENTATIONS = YES;
				CLANG_WARN_DIRECT_OBJC_ISA_USAGE = YES_ERROR;
				CLANG_WARN_DOCUMENTATION_COMMENTS = YES;
				CLANG_WARN_EMPTY_BODY = YES;
				CLANG_WARN_ENUM_CONVERSION = YES;
				CLANG_WARN_INFINITE_RECURSION = YES;
				CLANG_WARN_INT_CONVERSION = YES;
				CLANG_WARN_NON_LITERAL_NULL_CONVERSION = YES;
				CLANG_WARN_OBJC_IMPLICIT_RETAIN_SELF = YES;
				CLANG_WARN_OBJC_LITERAL_CONVERSION = YES;
				CLANG_WARN_OBJC_ROOT_CLASS = YES_ERROR;
				CLANG_WARN_QUOTED_INCLUDE_IN_FRAMEWORK_HEADER = YES;
				CLANG_WARN_RANGE_LOOP_ANALYSIS = YES;
				CLANG_WARN_STRICT_PROTOTYPES = YES;
				CLANG_WARN_SUSPICIOUS_MOVE = YES;
				CLANG_WARN_UNGUARDED_AVAILABILITY = YES_AGGRESSIVE;
				CLANG_WARN_UNREACHABLE_CODE = YES;
				CLANG_WARN__DUPLICATE_METHOD_MATCH = YES;
				COPY_PHASE_STRIP = NO;
				DEBUG_INFORMATION_FORMAT = "dwarf-with-dsym";
				ENABLE_NS_ASSERTIONS = NO;
				ENABLE_STRICT_OBJC_MSGSEND = YES;
				GCC_C_LANGUAGE_STANDARD = gnu11;
				GCC_NO_COMMON_BLOCKS = YES;
				GCC_WARN_64_TO_32_BIT_CONVERSION = YES;
				GCC_WARN_ABOUT_RETURN_TYPE = YES_ERROR;
				GCC_WARN_UNDECLARED_SELECTOR = YES;
				GCC_WARN_UNINITIALIZED_AUTOS = YES_AGGRESSIVE;
				GCC_WARN_UNUSED_FUNCTION = YES;
				GCC_WARN_UNUSED_VARIABLE = YES;
				IPHONEOS_DEPLOYMENT_TARGET = 14.0;
				MTL_ENABLE_DEBUG_INFO = NO;
				MTL_FAST_MATH = YES;
				SDKROOT = iphoneos;
				SWIFT_COMPILATION_MODE = wholemodule;
				SWIFT_OPTIMIZATION_LEVEL = "-O";
				VALIDATE_PRODUCT = YES;
			};
			name = Release;
		};
		68F1D61E253A2C1A009609E3 /* Debug */ = {
			isa = XCBuildConfiguration;
			buildSettings = {
				ASSETCATALOG_COMPILER_APPICON_NAME = AppIcon;
				ASSETCATALOG_COMPILER_GLOBAL_ACCENT_COLOR_NAME = AccentColor;
				CODE_SIGN_STYLE = Automatic;
				DEVELOPMENT_ASSET_PATHS = "\"SwiftUIGettingStarted/Preview Content\"";
				DEVELOPMENT_TEAM = U88DLR87FV;
				ENABLE_PREVIEWS = YES;
				INFOPLIST_FILE = SwiftUIGettingStarted/Info.plist;
				IPHONEOS_DEPLOYMENT_TARGET = 14.0;
				LD_RUNPATH_SEARCH_PATHS = (
					"$(inherited)",
					"@executable_path/Frameworks",
				);
				PRODUCT_BUNDLE_IDENTIFIER = com.kmaraszkiewicz86.SwiftUIGettingStarted;
				PRODUCT_NAME = "$(TARGET_NAME)";
				SWIFT_VERSION = 5.0;
				TARGETED_DEVICE_FAMILY = "1,2";
			};
			name = Debug;
		};
		68F1D61F253A2C1A009609E3 /* Release */ = {
			isa = XCBuildConfiguration;
			buildSettings = {
				ASSETCATALOG_COMPILER_APPICON_NAME = AppIcon;
				ASSETCATALOG_COMPILER_GLOBAL_ACCENT_COLOR_NAME = AccentColor;
				CODE_SIGN_STYLE = Automatic;
				DEVELOPMENT_ASSET_PATHS = "\"SwiftUIGettingStarted/Preview Content\"";
				DEVELOPMENT_TEAM = U88DLR87FV;
				ENABLE_PREVIEWS = YES;
				INFOPLIST_FILE = SwiftUIGettingStarted/Info.plist;
				IPHONEOS_DEPLOYMENT_TARGET = 14.0;
				LD_RUNPATH_SEARCH_PATHS = (
					"$(inherited)",
					"@executable_path/Frameworks",
				);
				PRODUCT_BUNDLE_IDENTIFIER = com.kmaraszkiewicz86.SwiftUIGettingStarted;
				PRODUCT_NAME = "$(TARGET_NAME)";
				SWIFT_VERSION = 5.0;
				TARGETED_DEVICE_FAMILY = "1,2";
			};
			name = Release;
		};
		68F1D621253A2C1A009609E3 /* Debug */ = {
			isa = XCBuildConfiguration;
			buildSettings = {
				ALWAYS_EMBED_SWIFT_STANDARD_LIBRARIES = YES;
				BUNDLE_LOADER = "$(TEST_HOST)";
				CODE_SIGN_STYLE = Automatic;
				DEVELOPMENT_TEAM = U88DLR87FV;
				INFOPLIST_FILE = SwiftUIGettingStartedTests/Info.plist;
				IPHONEOS_DEPLOYMENT_TARGET = 14.0;
				LD_RUNPATH_SEARCH_PATHS = (
					"$(inherited)",
					"@executable_path/Frameworks",
					"@loader_path/Frameworks",
				);
				PRODUCT_BUNDLE_IDENTIFIER = com.kmaraszkiewicz86.SwiftUIGettingStartedTests;
				PRODUCT_NAME = "$(TARGET_NAME)";
				SWIFT_VERSION = 5.0;
				TARGETED_DEVICE_FAMILY = "1,2";
				TEST_HOST = "$(BUILT_PRODUCTS_DIR)/SwiftUIGettingStarted.app/SwiftUIGettingStarted";
			};
			name = Debug;
		};
		68F1D622253A2C1A009609E3 /* Release */ = {
			isa = XCBuildConfiguration;
			buildSettings = {
				ALWAYS_EMBED_SWIFT_STANDARD_LIBRARIES = YES;
				BUNDLE_LOADER = "$(TEST_HOST)";
				CODE_SIGN_STYLE = Automatic;
				DEVELOPMENT_TEAM = U88DLR87FV;
				INFOPLIST_FILE = SwiftUIGettingStartedTests/Info.plist;
				IPHONEOS_DEPLOYMENT_TARGET = 14.0;
				LD_RUNPATH_SEARCH_PATHS = (
					"$(inherited)",
					"@executable_path/Frameworks",
					"@loader_path/Frameworks",
				);
				PRODUCT_BUNDLE_IDENTIFIER = com.kmaraszkiewicz86.SwiftUIGettingStartedTests;
				PRODUCT_NAME = "$(TARGET_NAME)";
				SWIFT_VERSION = 5.0;
				TARGETED_DEVICE_FAMILY = "1,2";
				TEST_HOST = "$(BUILT_PRODUCTS_DIR)/SwiftUIGettingStarted.app/SwiftUIGettingStarted";
			};
			name = Release;
		};
		68F1D624253A2C1A009609E3 /* Debug */ = {
			isa = XCBuildConfiguration;
			buildSettings = {
				ALWAYS_EMBED_SWIFT_STANDARD_LIBRARIES = YES;
				CODE_SIGN_STYLE = Automatic;
				DEVELOPMENT_TEAM = U88DLR87FV;
				INFOPLIST_FILE = SwiftUIGettingStartedUITests/Info.plist;
				LD_RUNPATH_SEARCH_PATHS = (
					"$(inherited)",
					"@executable_path/Frameworks",
					"@loader_path/Frameworks",
				);
				PRODUCT_BUNDLE_IDENTIFIER = com.kmaraszkiewicz86.SwiftUIGettingStartedUITests;
				PRODUCT_NAME = "$(TARGET_NAME)";
				SWIFT_VERSION = 5.0;
				TARGETED_DEVICE_FAMILY = "1,2";
				TEST_TARGET_NAME = SwiftUIGettingStarted;
			};
			name = Debug;
		};
		68F1D625253A2C1A009609E3 /* Release */ = {
			isa = XCBuildConfiguration;
			buildSettings = {
				ALWAYS_EMBED_SWIFT_STANDARD_LIBRARIES = YES;
				CODE_SIGN_STYLE = Automatic;
				DEVELOPMENT_TEAM = U88DLR87FV;
				INFOPLIST_FILE = SwiftUIGettingStartedUITests/Info.plist;
				LD_RUNPATH_SEARCH_PATHS = (
					"$(inherited)",
					"@executable_path/Frameworks",
					"@loader_path/Frameworks",
				);
				PRODUCT_BUNDLE_IDENTIFIER = com.kmaraszkiewicz86.SwiftUIGettingStartedUITests;
				PRODUCT_NAME = "$(TARGET_NAME)";
				SWIFT_VERSION = 5.0;
				TARGETED_DEVICE_FAMILY = "1,2";
				TEST_TARGET_NAME = SwiftUIGettingStarted;
			};
			name = Release;
		};
/* End XCBuildConfiguration section */

/* Begin XCConfigurationList section */
		68F1D5F3253A2C18009609E3 /* Build configuration list for PBXProject "SwiftUIGettingStarted" */ = {
			isa = XCConfigurationList;
			buildConfigurations = (
				68F1D61B253A2C1A009609E3 /* Debug */,
				68F1D61C253A2C1A009609E3 /* Release */,
			);
			defaultConfigurationIsVisible = 0;
			defaultConfigurationName = Release;
		};
		68F1D61D253A2C1A009609E3 /* Build configuration list for PBXNativeTarget "SwiftUIGettingStarted" */ = {
			isa = XCConfigurationList;
			buildConfigurations = (
				68F1D61E253A2C1A009609E3 /* Debug */,
				68F1D61F253A2C1A009609E3 /* Release */,
			);
			defaultConfigurationIsVisible = 0;
			defaultConfigurationName = Release;
		};
		68F1D620253A2C1A009609E3 /* Build configuration list for PBXNativeTarget "SwiftUIGettingStartedTests" */ = {
			isa = XCConfigurationList;
			buildConfigurations = (
				68F1D621253A2C1A009609E3 /* Debug */,
				68F1D622253A2C1A009609E3 /* Release */,
			);
			defaultConfigurationIsVisible = 0;
			defaultConfigurationName = Release;
		};
		68F1D623253A2C1A009609E3 /* Build configuration list for PBXNativeTarget "SwiftUIGettingStartedUITests" */ = {
			isa = XCConfigurationList;
			buildConfigurations = (
				68F1D624253A2C1A009609E3 /* Debug */,
				68F1D625253A2C1A009609E3 /* Release */,
			);
			defaultConfigurationIsVisible = 0;
			defaultConfigurationName = Release;
		};
/* End XCConfigurationList section */
	};
	rootObject = 68F1D5F0253A2C18009609E3 /* Project object */;
}
