
Microsoft Visual Studio Solution File, Format Version 12.00
# Visual Studio Version 16
VisualStudioVersion = 16.0.809.5
MinimumVisualStudioVersion = 10.0.40219.1
Project("{FAE04EC0-301F-11D3-BF4B-00C04F79EFBC}") = "RecordDemo", "RecordDemo\RecordDemo.csproj", "{567F3523-7D6D-44A3-8449-AEDF7DDA69B2}"
EndProject
Global
	GlobalSection(SolutionConfigurationPlatforms) = preSolution
		Debug|Any CPU = Debug|Any CPU
		Release|Any CPU = Release|Any CPU
	EndGlobalSection
	GlobalSection(ProjectConfigurationPlatforms) = postSolution
		{567F3523-7D6D-44A3-8449-AEDF7DDA69B2}.Debug|Any CPU.ActiveCfg = Debug|Any CPU
		{567F3523-7D6D-44A3-8449-AEDF7DDA69B2}.Debug|Any CPU.Build.0 = Debug|Any CPU
		{567F3523-7D6D-44A3-8449-AEDF7DDA69B2}.Release|Any CPU.ActiveCfg = Release|Any CPU
		{567F3523-7D6D-44A3-8449-AEDF7DDA69B2}.Release|Any CPU.Build.0 = Release|Any CPU
	EndGlobalSection
	GlobalSection(SolutionProperties) = preSolution
		HideSolutionNode = FALSE
	EndGlobalSection
	GlobalSection(ExtensibilityGlobals) = postSolution
		SolutionGuid = {43A82423-873C-4BEF-B2B6-C59F6D7B4DE9}
	EndGlobalSection
EndGlobal
