
Microsoft Visual Studio Solution File, Format Version 12.00
Project("{FAE04EC0-301F-11D3-BF4B-00C04F79EFBC}") = "MyFirstEFApp", "MyFirstEFApp\MyFirstEFApp.csproj", "{D36ED395-0710-4D98-985B-F74DC8805BBD}"
EndProject
Global
	GlobalSection(SolutionConfigurationPlatforms) = preSolution
		Debug|Any CPU = Debug|Any CPU
		Release|Any CPU = Release|Any CPU
	EndGlobalSection
	GlobalSection(ProjectConfigurationPlatforms) = postSolution
		{D36ED395-0710-4D98-985B-F74DC8805BBD}.Debug|Any CPU.ActiveCfg = Debug|Any CPU
		{D36ED395-0710-4D98-985B-F74DC8805BBD}.Debug|Any CPU.Build.0 = Debug|Any CPU
		{D36ED395-0710-4D98-985B-F74DC8805BBD}.Release|Any CPU.ActiveCfg = Release|Any CPU
		{D36ED395-0710-4D98-985B-F74DC8805BBD}.Release|Any CPU.Build.0 = Release|Any CPU
	EndGlobalSection
EndGlobal
